Microsoft Visual Studio Solution File, Format Version 12.00
# Visual Studio Version 17
VisualStudioVersion = 17.5.2.0
MinimumVisualStudioVersion = 10.0.40219.1
Project("{2150E333-8FDC-42A3-9474-1A3956D46DE8}") = "Todo", "Todo", "{4C60D0B2-B297-AA7E-0A6B-4114EB46098E}"
EndProject
Project("{FAE04EC0-301F-11D3-BF4B-00C04F79EFBC}") = "Todo.Domain", "Todo\Todo.Domain\Todo.Domain.csproj", "{ACEAB19E-84AD-6B46-F22B-73072F624766}"
EndProject
Project("{FAE04EC0-301F-11D3-BF4B-00C04F79EFBC}") = "Todo.Persistence", "Todo\Todo.Persistence\Todo.Persistence.csproj", "{CA5683A9-D396-9AB4-8690-06CF832294AC}"
EndProject
Global
	GlobalSection(SolutionConfigurationPlatforms) = preSolution
		Debug|Any CPU = Debug|Any CPU
		Release|Any CPU = Release|Any CPU
	EndGlobalSection
	GlobalSection(ProjectConfigurationPlatforms) = postSolution
		{ACEAB19E-84AD-6B46-F22B-73072F624766}.Debug|Any CPU.ActiveCfg = Debug|Any CPU
		{ACEAB19E-84AD-6B46-F22B-73072F624766}.Debug|Any CPU.Build.0 = Debug|Any CPU
		{ACEAB19E-84AD-6B46-F22B-73072F624766}.Release|Any CPU.ActiveCfg = Release|Any CPU
		{ACEAB19E-84AD-6B46-F22B-73072F624766}.Release|Any CPU.Build.0 = Release|Any CPU
		{CA5683A9-D396-9AB4-8690-06CF832294AC}.Debug|Any CPU.ActiveCfg = Debug|Any CPU
		{CA5683A9-D396-9AB4-8690-06CF832294AC}.Debug|Any CPU.Build.0 = Debug|Any CPU
		{CA5683A9-D396-9AB4-8690-06CF832294AC}.Release|Any CPU.ActiveCfg = Release|Any CPU
		{CA5683A9-D396-9AB4-8690-06CF832294AC}.Release|Any CPU.Build.0 = Release|Any CPU
	EndGlobalSection
	GlobalSection(SolutionProperties) = preSolution
		HideSolutionNode = FALSE
	EndGlobalSection
	GlobalSection(NestedProjects) = preSolution
		{ACEAB19E-84AD-6B46-F22B-73072F624766} = {4C60D0B2-B297-AA7E-0A6B-4114EB46098E}
		{CA5683A9-D396-9AB4-8690-06CF832294AC} = {4C60D0B2-B297-AA7E-0A6B-4114EB46098E}
	EndGlobalSection
	GlobalSection(ExtensibilityGlobals) = postSolution
		SolutionGuid = {3C5B3540-3D0A-4F5A-9E31-248FFDAE8B22}
	EndGlobalSection
EndGlobal
